
Microsoft Visual Studio Solution File, Format Version 12.00
# Visual Studio Version 17
VisualStudioVersion = 17.3.32901.215
MinimumVisualStudioVersion = 10.0.40219.1
Project("{FAE04EC0-301F-11D3-BF4B-00C04F79EFBC}") = "HesapMakinesi3", "HesapMakinesi3.csproj", "{8F2DD960-08B1-4262-A3DB-261C79724C0C}"
EndProject
Global
	GlobalSection(SolutionConfigurationPlatforms) = preSolution
		Debug|Any CPU = Debug|Any CPU
		Release|Any CPU = Release|Any CPU
	EndGlobalSection
	GlobalSection(ProjectConfigurationPlatforms) = postSolution
		{8F2DD960-08B1-4262-A3DB-261C79724C0C}.Debug|Any CPU.ActiveCfg = Debug|Any CPU
		{8F2DD960-08B1-4262-A3DB-261C79724C0C}.Debug|Any CPU.Build.0 = Debug|Any CPU
		{8F2DD960-08B1-4262-A3DB-261C79724C0C}.Release|Any CPU.ActiveCfg = Release|Any CPU
		{8F2DD960-08B1-4262-A3DB-261C79724C0C}.Release|Any CPU.Build.0 = Release|Any CPU
	EndGlobalSection
	GlobalSection(SolutionProperties) = preSolution
		HideSolutionNode = FALSE
	EndGlobalSection
	GlobalSection(ExtensibilityGlobals) = postSolution
		SolutionGuid = {6FFA4B8B-D3F2-4A8E-A40A-59CFA9200CB3}
	EndGlobalSection
EndGlobal
